
Microsoft Visual Studio Solution File, Format Version 12.00
# Visual Studio Version 16
VisualStudioVersion = 16.0.33920.266
MinimumVisualStudioVersion = 10.0.40219.1
Project("{FAE04EC0-301F-11D3-BF4B-00C04F79EFBC}") = "DelegateExample", "DelegateExample\DelegateExample.csproj", "{60E757C3-12B8-4169-AA5C-709CCC5F57F3}"
EndProject
Global
	GlobalSection(SolutionConfigurationPlatforms) = preSolution
		Debug|Any CPU = Debug|Any CPU
		Release|Any CPU = Release|Any CPU
	EndGlobalSection
	GlobalSection(ProjectConfigurationPlatforms) = postSolution
		{60E757C3-12B8-4169-AA5C-709CCC5F57F3}.Debug|Any CPU.ActiveCfg = Debug|Any CPU
		{60E757C3-12B8-4169-AA5C-709CCC5F57F3}.Debug|Any CPU.Build.0 = Debug|Any CPU
		{60E757C3-12B8-4169-AA5C-709CCC5F57F3}.Release|Any CPU.ActiveCfg = Release|Any CPU
		{60E757C3-12B8-4169-AA5C-709CCC5F57F3}.Release|Any CPU.Build.0 = Release|Any CPU
	EndGlobalSection
	GlobalSection(SolutionProperties) = preSolution
		HideSolutionNode = FALSE
	EndGlobalSection
	GlobalSection(ExtensibilityGlobals) = postSolution
		SolutionGuid = {832AA39C-2B39-4348-B987-714B88FA0431}
	EndGlobalSection
EndGlobal
