
Microsoft Visual Studio Solution File, Format Version 12.00
# Visual Studio Version 16
VisualStudioVersion = 16.0.33920.266
MinimumVisualStudioVersion = 10.0.40219.1
Project("{FAE04EC0-301F-11D3-BF4B-00C04F79EFBC}") = "ConsoleApp4", "ConsoleApp4\ConsoleApp4.csproj", "{AD233496-2A3A-4A6E-9F55-CDFC8EA2A499}"
EndProject
Global
	GlobalSection(SolutionConfigurationPlatforms) = preSolution
		Debug|Any CPU = Debug|Any CPU
		Release|Any CPU = Release|Any CPU
	EndGlobalSection
	GlobalSection(ProjectConfigurationPlatforms) = postSolution
		{AD233496-2A3A-4A6E-9F55-CDFC8EA2A499}.Debug|Any CPU.ActiveCfg = Debug|Any CPU
		{AD233496-2A3A-4A6E-9F55-CDFC8EA2A499}.Debug|Any CPU.Build.0 = Debug|Any CPU
		{AD233496-2A3A-4A6E-9F55-CDFC8EA2A499}.Release|Any CPU.ActiveCfg = Release|Any CPU
		{AD233496-2A3A-4A6E-9F55-CDFC8EA2A499}.Release|Any CPU.Build.0 = Release|Any CPU
	EndGlobalSection
	GlobalSection(SolutionProperties) = preSolution
		HideSolutionNode = FALSE
	EndGlobalSection
	GlobalSection(ExtensibilityGlobals) = postSolution
		SolutionGuid = {6FB75695-8D69-4E01-A9ED-37F3A9135FBF}
	EndGlobalSection
EndGlobal
